
Microsoft Visual Studio Solution File, Format Version 12.00
# Visual Studio Version 17
VisualStudioVersion = 17.7.34009.444
MinimumVisualStudioVersion = 10.0.40219.1
Project("{FAE04EC0-301F-11D3-BF4B-00C04F79EFBC}") = "1LygisProjektas", "1LygisProjektas\1LygisProjektas.csproj", "{B3687188-29CA-4063-A6C0-2A84ADD22FB8}"
EndProject
Global
	GlobalSection(SolutionConfigurationPlatforms) = preSolution
		Debug|Any CPU = Debug|Any CPU
		Release|Any CPU = Release|Any CPU
	EndGlobalSection
	GlobalSection(ProjectConfigurationPlatforms) = postSolution
		{B3687188-29CA-4063-A6C0-2A84ADD22FB8}.Debug|Any CPU.ActiveCfg = Debug|Any CPU
		{B3687188-29CA-4063-A6C0-2A84ADD22FB8}.Debug|Any CPU.Build.0 = Debug|Any CPU
		{B3687188-29CA-4063-A6C0-2A84ADD22FB8}.Release|Any CPU.ActiveCfg = Release|Any CPU
		{B3687188-29CA-4063-A6C0-2A84ADD22FB8}.Release|Any CPU.Build.0 = Release|Any CPU
	EndGlobalSection
	GlobalSection(SolutionProperties) = preSolution
		HideSolutionNode = FALSE
	EndGlobalSection
	GlobalSection(ExtensibilityGlobals) = postSolution
		SolutionGuid = {3BEA1C5D-7280-4927-B2C4-E1E3F0C2FF44}
	EndGlobalSection
EndGlobal
